Microsoft Visual Studio Solution File, Format Version 11.00
# Visual Studio 2008

Project("{E0B3AF8D-AA0D-779B-6106-BDE26033BE9F}") = "scaffolds", "Assembly-CSharp.csproj", "{544B0D57-3AA4-2247-FF54-70A33E2F114E}"
EndProject
Global
	GlobalSection(SolutionConfigurationPlatforms) = preSolution
		Debug|Any CPU = Debug|Any CPU
		Release|Any CPU = Release|Any CPU
	EndGlobalSection
	GlobalSection(ProjectConfigurationPlatforms) = postSolution
		{544B0D57-3AA4-2247-FF54-70A33E2F114E}.Debug|Any CPU.ActiveCfg = Debug|Any CPU
		{544B0D57-3AA4-2247-FF54-70A33E2F114E}.Debug|Any CPU.Build.0 = Debug|Any CPU
		{544B0D57-3AA4-2247-FF54-70A33E2F114E}.Release|Any CPU.ActiveCfg = Release|Any CPU
		{544B0D57-3AA4-2247-FF54-70A33E2F114E}.Release|Any CPU.Build.0 = Release|Any CPU
	EndGlobalSection
	GlobalSection(SolutionProperties) = preSolution
		HideSolutionNode = FALSE
	EndGlobalSection
	GlobalSection(MonoDevelopProperties) = preSolution
		StartupItem = Assembly-CSharp.csproj
	EndGlobalSection
EndGlobal
